
Microsoft Visual Studio Solution File, Format Version 12.00
# Visual Studio 15
VisualStudioVersion = 15.0.27130.2010
MinimumVisualStudioVersion = 10.0.40219.1
Project("{FAE04EC0-301F-11D3-BF4B-00C04F79EFBC}") = "GFeedbacks", "GFeedbacks\GFeedbacks.csproj", "{F9873128-6F17-4346-8895-01DF9EB55BD2}"
EndProject
Project("{FAE04EC0-301F-11D3-BF4B-00C04F79EFBC}") = "NUnitTest", "NUnitTest\NUnitTest.csproj", "{5E344375-769E-4A19-B74D-BC282AF54293}"
EndProject
Global
	GlobalSection(SolutionConfigurationPlatforms) = preSolution
		Debug|Any CPU = Debug|Any CPU
		Release|Any CPU = Release|Any CPU
	EndGlobalSection
	GlobalSection(ProjectConfigurationPlatforms) = postSolution
		{F9873128-6F17-4346-8895-01DF9EB55BD2}.Debug|Any CPU.ActiveCfg = Debug|Any CPU
		{F9873128-6F17-4346-8895-01DF9EB55BD2}.Debug|Any CPU.Build.0 = Debug|Any CPU
		{F9873128-6F17-4346-8895-01DF9EB55BD2}.Release|Any CPU.ActiveCfg = Release|Any CPU
		{F9873128-6F17-4346-8895-01DF9EB55BD2}.Release|Any CPU.Build.0 = Release|Any CPU
		{5E344375-769E-4A19-B74D-BC282AF54293}.Debug|Any CPU.ActiveCfg = Debug|Any CPU
		{5E344375-769E-4A19-B74D-BC282AF54293}.Debug|Any CPU.Build.0 = Debug|Any CPU
		{5E344375-769E-4A19-B74D-BC282AF54293}.Release|Any CPU.ActiveCfg = Release|Any CPU
		{5E344375-769E-4A19-B74D-BC282AF54293}.Release|Any CPU.Build.0 = Release|Any CPU
	EndGlobalSection
	GlobalSection(SolutionProperties) = preSolution
		HideSolutionNode = FALSE
	EndGlobalSection
	GlobalSection(ExtensibilityGlobals) = postSolution
		SolutionGuid = {2D6DB51A-838E-495E-9FE4-D58DCC819FAE}
	EndGlobalSection
EndGlobal
